
Microsoft Visual Studio Solution File, Format Version 12.00
# Visual Studio Version 16
VisualStudioVersion = 16.0.30128.74
MinimumVisualStudioVersion = 10.0.40219.1
Project("{FAE04EC0-301F-11D3-BF4B-00C04F79EFBC}") = "BoatProject", "BoatProject.csproj", "{2E67883D-6887-4592-9CC0-7F1673AD6A4B}"
EndProject
Global
	GlobalSection(SolutionConfigurationPlatforms) = preSolution
		Debug|Any CPU = Debug|Any CPU
		Release|Any CPU = Release|Any CPU
	EndGlobalSection
	GlobalSection(ProjectConfigurationPlatforms) = postSolution
		{2E67883D-6887-4592-9CC0-7F1673AD6A4B}.Debug|Any CPU.ActiveCfg = Debug|Any CPU
		{2E67883D-6887-4592-9CC0-7F1673AD6A4B}.Debug|Any CPU.Build.0 = Debug|Any CPU
		{2E67883D-6887-4592-9CC0-7F1673AD6A4B}.Release|Any CPU.ActiveCfg = Release|Any CPU
		{2E67883D-6887-4592-9CC0-7F1673AD6A4B}.Release|Any CPU.Build.0 = Release|Any CPU
	EndGlobalSection
	GlobalSection(SolutionProperties) = preSolution
		HideSolutionNode = FALSE
	EndGlobalSection
	GlobalSection(ExtensibilityGlobals) = postSolution
		SolutionGuid = {DB247360-E9EC-4BBF-98E3-301CFC23394E}
	EndGlobalSection
EndGlobal
